{
  "name": "desktop-agent-bridge",
  "version": "0.1.0",
  "lockfileVersion": 3,
  "requires": true,
  "packages": {
    "": {
      "name": "desktop-agent-bridge",
      "version": "0.1.0",
      "license": "MIT",
      "bin": {
        "dab": "bin/dab.js"
      },
      "engines": {
        "node": ">=20"
      }
    }
  }
}
